{
  "nodes": {
    "brew-src": {
      "flake": false,
      "locked": {
        "lastModified": 1756059815,
        "narHash": "sha256-UALOxoXoFIHbwKzcqbqCAqw5cC0MJEehLaWSet5vxfE=",
        "owner": "Homebrew",
        "repo": "brew",
        "rev": "02947ea4edbdef5fcce9ee57fa289547f4d096c9",
        "type": "github"
      },
      "original": {
        "owner": "Homebrew",
        "ref": "4.6.7",
        "repo": "brew",
        "type": "github"
      }
    },
    "home-manager": {
      "inputs": {
        "nixpkgs": [
          "nixpkgs"
        ]
      },
      "locked": {
        "lastModified": 1757920978,
        "narHash": "sha256-Mv16aegXLulgyDunijP6SPFJNm8lSXb2w3Q0X+vZ9TY=",
        "owner": "nix-community",
        "repo": "home-manager",
        "rev": "11cc5449c50e0e5b785be3dfcb88245232633eb8",
        "type": "github"
      },
      "original": {
        "owner": "nix-community",
        "repo": "home-manager",
        "type": "github"
      }
    },
    "homebrew-cask": {
      "flake": false,
      "locked": {
        "lastModified": 1757986610,
        "narHash": "sha256-RplCm25LQyaCsPAlkbJqCJR7bb18R3doDRDBf+6Q+oE=",
        "owner": "homebrew",
        "repo": "homebrew-cask",
        "rev": "ca9b39bbe1368bf0f1dd68b3fa44054b2e4f9ee1",
        "type": "github"
      },
      "original": {
        "owner": "homebrew",
        "repo": "homebrew-cask",
        "type": "github"
      }
    },
    "homebrew-core": {
      "flake": false,
      "locked": {
        "lastModified": 1757986858,
        "narHash": "sha256-aimqydw1mwc9IlcJeKrYQXgUWi541vIG+dFQ931MoFU=",
        "owner": "homebrew",
        "repo": "homebrew-core",
        "rev": "28e559fd487625086d7205d7356ff8634c806250",
        "type": "github"
      },
      "original": {
        "owner": "homebrew",
        "repo": "homebrew-core",
        "type": "github"
      }
    },
    "laishulu-homebrew-homebrew": {
      "flake": false,
      "locked": {
        "lastModified": 1746716780,
        "narHash": "sha256-NyXCe1ASsWD0UbeYQoY5/W9MIi8OgQG/EIGjQf8epJY=",
        "owner": "laishulu",
        "repo": "homebrew-homebrew",
        "rev": "68b84d40274b9f3a6cc800261f324efca684131e",
        "type": "github"
      },
      "original": {
        "owner": "laishulu",
        "repo": "homebrew-homebrew",
        "type": "github"
      }
    },
    "nix-darwin": {
      "inputs": {
        "nixpkgs": [
          "nixpkgs"
        ]
      },
      "locked": {
        "lastModified": 1757430124,
        "narHash": "sha256-MhDltfXesGH8VkGv3hmJ1QEKl1ChTIj9wmGAFfWj/Wk=",
        "owner": "LnL7",
        "repo": "nix-darwin",
        "rev": "830b3f0b50045cf0bcfd4dab65fad05bf882e196",
        "type": "github"
      },
      "original": {
        "owner": "LnL7",
        "repo": "nix-darwin",
        "type": "github"
      }
    },
    "nix-homebrew": {
      "inputs": {
        "brew-src": "brew-src"
      },
      "locked": {
        "lastModified": 1756398546,
        "narHash": "sha256-n4GVDLhKu65XFraJuCzap2AaZji4xhPaZMTJ8aQdD3s=",
        "owner": "zhaofengli",
        "repo": "nix-homebrew",
        "rev": "3aa475996cb3bc1ecefa88c99c466e6f0bc17431",
        "type": "github"
      },
      "original": {
        "owner": "zhaofengli",
        "repo": "nix-homebrew",
        "type": "github"
      }
    },
    "nixpkgs": {
      "locked": {
        "lastModified": 1757873102,
        "narHash": "sha256-kYhNxLlYyJcUouNRazBufVfBInMWMyF+44xG/xar2yE=",
        "owner": "NixOS",
        "repo": "nixpkgs",
        "rev": "88cef159e47c0dc56f151593e044453a39a6e547",
        "type": "github"
      },
      "original": {
        "owner": "NixOS",
        "ref": "nixpkgs-unstable",
        "repo": "nixpkgs",
        "type": "github"
      }
    },
    "root": {
      "inputs": {
        "home-manager": "home-manager",
        "homebrew-cask": "homebrew-cask",
        "homebrew-core": "homebrew-core",
        "laishulu-homebrew-homebrew": "laishulu-homebrew-homebrew",
        "nix-darwin": "nix-darwin",
        "nix-homebrew": "nix-homebrew",
        "nixpkgs": "nixpkgs"
      }
    }
  },
  "root": "root",
  "version": 7
}
